// !$*UTF8*$!
{
	archiveVersion = 1;
	classes = {
	};
	objectVersion = 46;
	objects = {

/* Begin PBXBuildFile section */
		521B3CCA1B100B8C00A0C56A /* Activity.swift in Sources */ = {isa = PBXBuildFile; fileRef = 521B3CC41B100B8C00A0C56A /* Activity.swift */; };
		521B3CCB1B100B8C00A0C56A /* HistoryViewController.swift in Sources */ = {isa = PBXBuildFile; fileRef = 521B3CC51B100B8C00A0C56A /* HistoryViewController.swift */; };
		521B3CCC1B100B8C00A0C56A /* MotionManager.swift in Sources */ = {isa = PBXBuildFile; fileRef = 521B3CC61B100B8C00A0C56A /* MotionManager.swift */; };
		521B3CCD1B100B8C00A0C56A /* Song.swift in Sources */ = {isa = PBXBuildFile; fileRef = 521B3CC71B100B8C00A0C56A /* Song.swift */; };
		521B3CCE1B100B8C00A0C56A /* SongManager.swift in Sources */ = {isa = PBXBuildFile; fileRef = 521B3CC81B100B8C00A0C56A /* SongManager.swift */; };
		521B3CCF1B100B8C00A0C56A /* SongViewController.swift in Sources */ = {isa = PBXBuildFile; fileRef = 521B3CC91B100B8C00A0C56A /* SongViewController.swift */; };
		521B3CD21B100E9100A0C56A /* LaunchScreen.storyboard in Resources */ = {isa = PBXBuildFile; fileRef = 521B3CBE1B0FEFE600A0C56A /* LaunchScreen.storyboard */; };
		521B3CD31B100E9100A0C56A /* Main.storyboard in Resources */ = {isa = PBXBuildFile; fileRef = 521B3CC01B0FEFE600A0C56A /* Main.storyboard */; };
		5249711C1B10380400ED19C7 /* Images.xcassets in Resources */ = {isa = PBXBuildFile; fileRef = 5249711B1B10380400ED19C7 /* Images.xcassets */; };
		52B86B001B0FE99F00F341D0 /* AppDelegate.swift in Sources */ = {isa = PBXBuildFile; fileRef = 52B86AFF1B0FE99F00F341D0 /* AppDelegate.swift */; };
		913406BB1EF362F400AD8260 /* logInViewController.swift in Sources */ = {isa = PBXBuildFile; fileRef = 913406BA1EF362F400AD8260 /* logInViewController.swift */; };
		913406BD1EF5AB5400AD8260 /* ProfileViewController.swift in Sources */ = {isa = PBXBuildFile; fileRef = 913406BC1EF5AB5400AD8260 /* ProfileViewController.swift */; };
		913406CE1EF71A5900AD8260 /* BaseTestCase.swift in Sources */ = {isa = PBXBuildFile; fileRef = 913406CD1EF71A5900AD8260 /* BaseTestCase.swift */; };
		913406D01EF71FEE00AD8260 /* LogIn.swift in Sources */ = {isa = PBXBuildFile; fileRef = 913406CF1EF71FEE00AD8260 /* LogIn.swift */; };
		913406D21EF7206F00AD8260 /* BaseViewObject.swift in Sources */ = {isa = PBXBuildFile; fileRef = 913406D11EF7206F00AD8260 /* BaseViewObject.swift */; };
		913406D51EF7219800AD8260 /* UITestCase+Extension.swift in Sources */ = {isa = PBXBuildFile; fileRef = 913406D41EF7219800AD8260 /* UITestCase+Extension.swift */; };
		913406DA1EF727F600AD8260 /* TestData.swift in Sources */ = {isa = PBXBuildFile; fileRef = 913406D91EF727F600AD8260 /* TestData.swift */; };
		9155D6131EF83AFA00AF6B95 /* HistoryTabTests.swift in Sources */ = {isa = PBXBuildFile; fileRef = 9155D6121EF83AFA00AF6B95 /* HistoryTabTests.swift */; };
		9155D6151EF83EB400AF6B95 /* HistoryTab.swift in Sources */ = {isa = PBXBuildFile; fileRef = 9155D6141EF83EB400AF6B95 /* HistoryTab.swift */; };
		9155D6171EF8404100AF6B95 /* ProfileTests.swift in Sources */ = {isa = PBXBuildFile; fileRef = 9155D6161EF8404100AF6B95 /* ProfileTests.swift */; };
		9155D6191EF8409200AF6B95 /* Profile.swift in Sources */ = {isa = PBXBuildFile; fileRef = 9155D6181EF8409200AF6B95 /* Profile.swift */; };
		91AAD8CD1EF75CC700D5EA40 /* MusicActivityTests.swift in Sources */ = {isa = PBXBuildFile; fileRef = 91AAD8CC1EF75CC700D5EA40 /* MusicActivityTests.swift */; };
		91AAD8CF1EF75E8700D5EA40 /* MusicActivity.swift in Sources */ = {isa = PBXBuildFile; fileRef = 91AAD8CE1EF75E8700D5EA40 /* MusicActivity.swift */; };
/* End PBXBuildFile section */

/* Begin PBXContainerItemProxy section */
		913406C71EF6D24400AD8260 /* PBXContainerItemProxy */ = {
			isa = PBXContainerItemProxy;
			containerPortal = 5239139A1B014F7600B5C8F1 /* Project object */;
			proxyType = 1;
			remoteGlobalIDString = 523913A11B014F7600B5C8F1;
			remoteInfo = MusicMotion;
		};
/* End PBXContainerItemProxy section */

/* Begin PBXFileReference section */
		521B3CBF1B0FEFE600A0C56A /* Base */ = {isa = PBXFileReference; lastKnownFileType = file.storyboard; name = Base; path = Base.lproj/LaunchScreen.storyboard; sourceTree = "<group>"; };
		521B3CC11B0FEFE600A0C56A /* Base */ = {isa = PBXFileReference; lastKnownFileType = file.storyboard; name = Base; path = Base.lproj/Main.storyboard; sourceTree = "<group>"; };
		521B3CC41B100B8C00A0C56A /* Activity.swift */ = {isa = PBXFileReference; fileEncoding = 4; lastKnownFileType = sourcecode.swift; path = Activity.swift; sourceTree = "<group>"; };
		521B3CC51B100B8C00A0C56A /* HistoryViewController.swift */ = {isa = PBXFileReference; fileEncoding = 4; lastKnownFileType = sourcecode.swift; path = HistoryViewController.swift; sourceTree = "<group>"; };
		521B3CC61B100B8C00A0C56A /* MotionManager.swift */ = {isa = PBXFileReference; fileEncoding = 4; lastKnownFileType = sourcecode.swift; path = MotionManager.swift; sourceTree = "<group>"; };
		521B3CC71B100B8C00A0C56A /* Song.swift */ = {isa = PBXFileReference; fileEncoding = 4; lastKnownFileType = sourcecode.swift; path = Song.swift; sourceTree = "<group>"; };
		521B3CC81B100B8C00A0C56A /* SongManager.swift */ = {isa = PBXFileReference; fileEncoding = 4; lastKnownFileType = sourcecode.swift; path = SongManager.swift; sourceTree = "<group>"; };
		521B3CC91B100B8C00A0C56A /* SongViewController.swift */ = {isa = PBXFileReference; fileEncoding = 4; lastKnownFileType = sourcecode.swift; path = SongViewController.swift; sourceTree = "<group>"; };
		523913A21B014F7600B5C8F1 /* MusicMotion.app */ = {isa = PBXFileReference; explicitFileType = wrapper.application; includeInIndex = 0; path = MusicMotion.app; sourceTree = BUILT_PRODUCTS_DIR; };
		5249711B1B10380400ED19C7 /* Images.xcassets */ = {isa = PBXFileReference; lastKnownFileType = folder.assetcatalog; path = Images.xcassets; sourceTree = "<group>"; };
		529074F11B143E2E0085CFF8 /* README.md */ = {isa = PBXFileReference; fileEncoding = 4; lastKnownFileType = net.daringfireball.markdown; path = README.md; sourceTree = "<group>"; };
		52B86AFF1B0FE99F00F341D0 /* AppDelegate.swift */ = {isa = PBXFileReference; fileEncoding = 4; lastKnownFileType = sourcecode.swift; name = AppDelegate.swift; path = MusicMotion/AppDelegate.swift; sourceTree = SOURCE_ROOT; };
		52B86B181B0FEAB700F341D0 /* Info.plist */ = {isa = PBXFileReference; fileEncoding = 4; lastKnownFileType = text.plist.xml; name = Info.plist; path = MusicMotion/Info.plist; sourceTree = SOURCE_ROOT; };
		913406BA1EF362F400AD8260 /* logInViewController.swift */ = {isa = PBXFileReference; lastKnownFileType = sourcecode.swift; path = logInViewController.swift; sourceTree = "<group>"; };
		913406BC1EF5AB5400AD8260 /* ProfileViewController.swift */ = {isa = PBXFileReference; lastKnownFileType = sourcecode.swift; path = ProfileViewController.swift; sourceTree = "<group>"; };
		913406C21EF6D24400AD8260 /* MusicMotionUITests.xctest */ = {isa = PBXFileReference; explicitFileType = wrapper.cfbundle; includeInIndex = 0; path = MusicMotionUITests.xctest; sourceTree = BUILT_PRODUCTS_DIR; };
		913406C61EF6D24400AD8260 /* Info.plist */ = {isa = PBXFileReference; lastKnownFileType = text.plist.xml; path = Info.plist; sourceTree = "<group>"; };
		913406CD1EF71A5900AD8260 /* BaseTestCase.swift */ = {isa = PBXFileReference; lastKnownFileType = sourcecode.swift; path = BaseTestCase.swift; sourceTree = "<group>"; };
		913406CF1EF71FEE00AD8260 /* LogIn.swift */ = {isa = PBXFileReference; lastKnownFileType = sourcecode.swift; path = LogIn.swift; sourceTree = "<group>"; };
		913406D11EF7206F00AD8260 /* BaseViewObject.swift */ = {isa = PBXFileReference; lastKnownFileType = sourcecode.swift; path = BaseViewObject.swift; sourceTree = "<group>"; };
		913406D41EF7219800AD8260 /* UITestCase+Extension.swift */ = {isa = PBXFileReference; lastKnownFileType = sourcecode.swift; path = "UITestCase+Extension.swift"; sourceTree = "<group>"; };
		913406D91EF727F600AD8260 /* TestData.swift */ = {isa = PBXFileReference; lastKnownFileType = sourcecode.swift; path = TestData.swift; sourceTree = "<group>"; };
		9155D6121EF83AFA00AF6B95 /* HistoryTabTests.swift */ = {isa = PBXFileReference; lastKnownFileType = sourcecode.swift; path = HistoryTabTests.swift; sourceTree = "<group>"; };
		9155D6141EF83EB400AF6B95 /* HistoryTab.swift */ = {isa = PBXFileReference; lastKnownFileType = sourcecode.swift; path = HistoryTab.swift; sourceTree = "<group>"; };
		9155D6161EF8404100AF6B95 /* ProfileTests.swift */ = {isa = PBXFileReference; lastKnownFileType = sourcecode.swift; path = ProfileTests.swift; sourceTree = "<group>"; };
		9155D6181EF8409200AF6B95 /* Profile.swift */ = {isa = PBXFileReference; lastKnownFileType = sourcecode.swift; path = Profile.swift; sourceTree = "<group>"; };
		91AAD8CC1EF75CC700D5EA40 /* MusicActivityTests.swift */ = {isa = PBXFileReference; lastKnownFileType = sourcecode.swift; path = MusicActivityTests.swift; sourceTree = "<group>"; };
		91AAD8CE1EF75E8700D5EA40 /* MusicActivity.swift */ = {isa = PBXFileReference; lastKnownFileType = sourcecode.swift; path = MusicActivity.swift; sourceTree = "<group>"; };
/* End PBXFileReference section */

/* Begin PBXFrameworksBuildPhase section */
		5239139F1B014F7600B5C8F1 /* Frameworks */ = {
			isa = PBXFrameworksBuildPhase;
			buildActionMask = 2147483647;
			files = (
			);
			runOnlyForDeploymentPostprocessing = 0;
		};
		913406BF1EF6D24400AD8260 /* Frameworks */ = {
			isa = PBXFrameworksBuildPhase;
			buildActionMask = 2147483647;
			files = (
			);
			runOnlyForDeploymentPostprocessing = 0;
		};
/* End PBXFrameworksBuildPhase section */

/* Begin PBXGroup section */
		521B3CD01B100D8200A0C56A /* View Controller Classes */ = {
			isa = PBXGroup;
			children = (
				521B3CC51B100B8C00A0C56A /* HistoryViewController.swift */,
				521B3CC91B100B8C00A0C56A /* SongViewController.swift */,
				913406BA1EF362F400AD8260 /* logInViewController.swift */,
				913406BC1EF5AB5400AD8260 /* ProfileViewController.swift */,
			);
			name = "View Controller Classes";
			sourceTree = "<group>";
		};
		521B3CD11B100D9300A0C56A /* Data Model Classes */ = {
			isa = PBXGroup;
			children = (
				521B3CC71B100B8C00A0C56A /* Song.swift */,
				521B3CC81B100B8C00A0C56A /* SongManager.swift */,
				521B3CC41B100B8C00A0C56A /* Activity.swift */,
				521B3CC61B100B8C00A0C56A /* MotionManager.swift */,
			);
			name = "Data Model Classes";
			sourceTree = "<group>";
		};
		523913991B014F7600B5C8F1 = {
			isa = PBXGroup;
			children = (
				529074F11B143E2E0085CFF8 /* README.md */,
				523913A41B014F7600B5C8F1 /* MusicMotion */,
				913406C31EF6D24400AD8260 /* MusicMotionUITests */,
				523913A31B014F7600B5C8F1 /* Products */,
			);
			sourceTree = "<group>";
		};
		523913A31B014F7600B5C8F1 /* Products */ = {
			isa = PBXGroup;
			children = (
				523913A21B014F7600B5C8F1 /* MusicMotion.app */,
				913406C21EF6D24400AD8260 /* MusicMotionUITests.xctest */,
			);
			name = Products;
			sourceTree = "<group>";
		};
		523913A41B014F7600B5C8F1 /* MusicMotion */ = {
			isa = PBXGroup;
			children = (
				52B86AFF1B0FE99F00F341D0 /* AppDelegate.swift */,
				521B3CC01B0FEFE600A0C56A /* Main.storyboard */,
				521B3CD01B100D8200A0C56A /* View Controller Classes */,
				521B3CD11B100D9300A0C56A /* Data Model Classes */,
				521B3CBE1B0FEFE600A0C56A /* LaunchScreen.storyboard */,
				52B86B181B0FEAB700F341D0 /* Info.plist */,
				5249711B1B10380400ED19C7 /* Images.xcassets */,
			);
			path = MusicMotion;
			sourceTree = "<group>";
		};
		913406C31EF6D24400AD8260 /* MusicMotionUITests */ = {
			isa = PBXGroup;
			children = (
				913406CC1EF71A2500AD8260 /* Supporting Files */,
				913406C61EF6D24400AD8260 /* Info.plist */,
				91AAD8CC1EF75CC700D5EA40 /* MusicActivityTests.swift */,
				9155D6121EF83AFA00AF6B95 /* HistoryTabTests.swift */,
				9155D6161EF8404100AF6B95 /* ProfileTests.swift */,
			);
			path = MusicMotionUITests;
			sourceTree = "<group>";
		};
		913406CC1EF71A2500AD8260 /* Supporting Files */ = {
			isa = PBXGroup;
			children = (
				913406D81EF7275500AD8260 /* View Objects */,
				913406D31EF7217400AD8260 /* Extensions */,
				913406CD1EF71A5900AD8260 /* BaseTestCase.swift */,
				913406D91EF727F600AD8260 /* TestData.swift */,
			);
			path = "Supporting Files";
			sourceTree = "<group>";
		};
		913406D31EF7217400AD8260 /* Extensions */ = {
			isa = PBXGroup;
			children = (
				913406D41EF7219800AD8260 /* UITestCase+Extension.swift */,
			);
			path = Extensions;
			sourceTree = "<group>";
		};
		913406D81EF7275500AD8260 /* View Objects */ = {
			isa = PBXGroup;
			children = (
				913406CF1EF71FEE00AD8260 /* LogIn.swift */,
				913406D11EF7206F00AD8260 /* BaseViewObject.swift */,
				91AAD8CE1EF75E8700D5EA40 /* MusicActivity.swift */,
				9155D6141EF83EB400AF6B95 /* HistoryTab.swift */,
				9155D6181EF8409200AF6B95 /* Profile.swift */,
			);
			path = "View Objects";
			sourceTree = "<group>";
		};
/* End PBXGroup section */

/* Begin PBXNativeTarget section */
		523913A11B014F7600B5C8F1 /* MusicMotion */ = {
			isa = PBXNativeTarget;
			buildConfigurationList = 523913BF1B014F7600B5C8F1 /* Build configuration list for PBXNativeTarget "MusicMotion" */;
			buildPhases = (
				5239139E1B014F7600B5C8F1 /* Sources */,
				5239139F1B014F7600B5C8F1 /* Frameworks */,
				523913A01B014F7600B5C8F1 /* Resources */,
			);
			buildRules = (
			);
			dependencies = (
			);
			name = MusicMotion;
			productName = MusicMotion;
			productReference = 523913A21B014F7600B5C8F1 /* MusicMotion.app */;
			productType = "com.apple.product-type.application";
		};
		913406C11EF6D24400AD8260 /* MusicMotionUITests */ = {
			isa = PBXNativeTarget;
			buildConfigurationList = 913406C91EF6D24400AD8260 /* Build configuration list for PBXNativeTarget "MusicMotionUITests" */;
			buildPhases = (
				913406BE1EF6D24400AD8260 /* Sources */,
				913406BF1EF6D24400AD8260 /* Frameworks */,
				913406C01EF6D24400AD8260 /* Resources */,
			);
			buildRules = (
			);
			dependencies = (
				913406C81EF6D24400AD8260 /* PBXTargetDependency */,
			);
			name = MusicMotionUITests;
			productName = MusicMotionUITests;
			productReference = 913406C21EF6D24400AD8260 /* MusicMotionUITests.xctest */;
			productType = "com.apple.product-type.bundle.ui-testing";
		};
/* End PBXNativeTarget section */

/* Begin PBXProject section */
		5239139A1B014F7600B5C8F1 /* Project object */ = {
			isa = PBXProject;
			attributes = {
				LastSwiftUpdateCheck = 0900;
				LastUpgradeCheck = 0900;
				ORGANIZATIONNAME = "Apple Inc.";
				TargetAttributes = {
					523913A11B014F7600B5C8F1 = {
						CreatedOnToolsVersion = 7.0;
						DevelopmentTeam = 8TLW6UJ6F9;
						LastSwiftMigration = 0900;
					};
					913406C11EF6D24400AD8260 = {
						CreatedOnToolsVersion = 9.0;
						DevelopmentTeam = 8TLW6UJ6F9;
						LastSwiftMigration = 0900;
						TestTargetID = 523913A11B014F7600B5C8F1;
					};
				};
			};
			buildConfigurationList = 5239139D1B014F7600B5C8F1 /* Build configuration list for PBXProject "MusicMotion" */;
			compatibilityVersion = "Xcode 3.2";
			developmentRegion = English;
			hasScannedForEncodings = 0;
			knownRegions = (
				en,
				Base,
			);
			mainGroup = 523913991B014F7600B5C8F1;
			productRefGroup = 523913A31B014F7600B5C8F1 /* Products */;
			projectDirPath = "";
			projectRoot = "";
			targets = (
				523913A11B014F7600B5C8F1 /* MusicMotion */,
				913406C11EF6D24400AD8260 /* MusicMotionUITests */,
			);
		};
/* End PBXProject section */

/* Begin PBXResourcesBuildPhase section */
		523913A01B014F7600B5C8F1 /* Resources */ = {
			isa = PBXResourcesBuildPhase;
			buildActionMask = 2147483647;
			files = (
				521B3CD21B100E9100A0C56A /* LaunchScreen.storyboard in Resources */,
				5249711C1B10380400ED19C7 /* Images.xcassets in Resources */,
				521B3CD31B100E9100A0C56A /* Main.storyboard in Resources */,
			);
			runOnlyForDeploymentPostprocessing = 0;
		};
		913406C01EF6D24400AD8260 /* Resources */ = {
			isa = PBXResourcesBuildPhase;
			buildActionMask = 2147483647;
			files = (
			);
			runOnlyForDeploymentPostprocessing = 0;
		};
/* End PBXResourcesBuildPhase section */

/* Begin PBXSourcesBuildPhase section */
		5239139E1B014F7600B5C8F1 /* Sources */ = {
			isa = PBXSourcesBuildPhase;
			buildActionMask = 2147483647;
			files = (
				521B3CCE1B100B8C00A0C56A /* SongManager.swift in Sources */,
				521B3CCB1B100B8C00A0C56A /* HistoryViewController.swift in Sources */,
				521B3CCA1B100B8C00A0C56A /* Activity.swift in Sources */,
				52B86B001B0FE99F00F341D0 /* AppDelegate.swift in Sources */,
				913406BB1EF362F400AD8260 /* logInViewController.swift in Sources */,
				521B3CCC1B100B8C00A0C56A /* MotionManager.swift in Sources */,
				913406BD1EF5AB5400AD8260 /* ProfileViewController.swift in Sources */,
				521B3CCD1B100B8C00A0C56A /* Song.swift in Sources */,
				521B3CCF1B100B8C00A0C56A /* SongViewController.swift in Sources */,
			);
			runOnlyForDeploymentPostprocessing = 0;
		};
		913406BE1EF6D24400AD8260 /* Sources */ = {
			isa = PBXSourcesBuildPhase;
			buildActionMask = 2147483647;
			files = (
				9155D6151EF83EB400AF6B95 /* HistoryTab.swift in Sources */,
				9155D6191EF8409200AF6B95 /* Profile.swift in Sources */,
				913406D21EF7206F00AD8260 /* BaseViewObject.swift in Sources */,
				913406CE1EF71A5900AD8260 /* BaseTestCase.swift in Sources */,
				913406D51EF7219800AD8260 /* UITestCase+Extension.swift in Sources */,
				9155D6131EF83AFA00AF6B95 /* HistoryTabTests.swift in Sources */,
				913406D01EF71FEE00AD8260 /* LogIn.swift in Sources */,
				9155D6171EF8404100AF6B95 /* ProfileTests.swift in Sources */,
				91AAD8CD1EF75CC700D5EA40 /* MusicActivityTests.swift in Sources */,
				91AAD8CF1EF75E8700D5EA40 /* MusicActivity.swift in Sources */,
				913406DA1EF727F600AD8260 /* TestData.swift in Sources */,
			);
			runOnlyForDeploymentPostprocessing = 0;
		};
/* End PBXSourcesBuildPhase section */

/* Begin PBXTargetDependency section */
		913406C81EF6D24400AD8260 /* PBXTargetDependency */ = {
			isa = PBXTargetDependency;
			target = 523913A11B014F7600B5C8F1 /* MusicMotion */;
			targetProxy = 913406C71EF6D24400AD8260 /* PBXContainerItemProxy */;
		};
/* End PBXTargetDependency section */

/* Begin PBXVariantGroup section */
		521B3CBE1B0FEFE600A0C56A /* LaunchScreen.storyboard */ = {
			isa = PBXVariantGroup;
			children = (
				521B3CBF1B0FEFE600A0C56A /* Base */,
			);
			name = LaunchScreen.storyboard;
			sourceTree = "<group>";
		};
		521B3CC01B0FEFE600A0C56A /* Main.storyboard */ = {
			isa = PBXVariantGroup;
			children = (
				521B3CC11B0FEFE600A0C56A /* Base */,
			);
			name = Main.storyboard;
			sourceTree = "<group>";
		};
/* End PBXVariantGroup section */

/* Begin XCBuildConfiguration section */
		523913BD1B014F7600B5C8F1 /* Debug */ = {
			isa = XCBuildConfiguration;
			buildSettings = {
				ALWAYS_SEARCH_USER_PATHS = NO;
				CLANG_CXX_LANGUAGE_STANDARD = "gnu++0x";
				CLANG_CXX_LIBRARY = "libc++";
				CLANG_ENABLE_MODULES = YES;
				CLANG_ENABLE_OBJC_ARC = YES;
				CLANG_WARN_BLOCK_CAPTURE_AUTORELEASING = YES;
				CLANG_WARN_BOOL_CONVERSION = YES;
				CLANG_WARN_COMMA = YES;
				CLANG_WARN_CONSTANT_CONVERSION = YES;
				CLANG_WARN_DIRECT_OBJC_ISA_USAGE = YES_ERROR;
				CLANG_WARN_EMPTY_BODY = YES;
				CLANG_WARN_ENUM_CONVERSION = YES;
				CLANG_WARN_INFINITE_RECURSION = YES;
				CLANG_WARN_INT_CONVERSION = YES;
				CLANG_WARN_NON_LITERAL_NULL_CONVERSION = YES;
				CLANG_WARN_OBJC_LITERAL_CONVERSION = YES;
				CLANG_WARN_OBJC_ROOT_CLASS = YES_ERROR;
				CLANG_WARN_RANGE_LOOP_ANALYSIS = YES;
				CLANG_WARN_STRICT_PROTOTYPES = YES;
				CLANG_WARN_SUSPICIOUS_MOVE = YES;
				CLANG_WARN_UNREACHABLE_CODE = YES;
				CLANG_WARN__DUPLICATE_METHOD_MATCH = YES;
				"CODE_SIGN_IDENTITY[sdk=iphoneos*]" = "iPhone Developer";
				COPY_PHASE_STRIP = NO;
				DEBUG_INFORMATION_FORMAT = "dwarf-with-dsym";
				ENABLE_STRICT_OBJC_MSGSEND = YES;
				ENABLE_TESTABILITY = YES;
				GCC_C_LANGUAGE_STANDARD = gnu99;
				GCC_DYNAMIC_NO_PIC = NO;
				GCC_NO_COMMON_BLOCKS = YES;
				GCC_OPTIMIZATION_LEVEL = 0;
				GCC_PREPROCESSOR_DEFINITIONS = (
					"DEBUG=1",
					"$(inherited)",
				);
				GCC_WARN_64_TO_32_BIT_CONVERSION = YES;
				GCC_WARN_ABOUT_RETURN_TYPE = YES_ERROR;
				GCC_WARN_UNDECLARED_SELECTOR = YES;
				GCC_WARN_UNINITIALIZED_AUTOS = YES_AGGRESSIVE;
				GCC_WARN_UNUSED_FUNCTION = YES;
				GCC_WARN_UNUSED_VARIABLE = YES;
				IPHONEOS_DEPLOYMENT_TARGET = 9.0;
				MTL_ENABLE_DEBUG_INFO = YES;
				ONLY_ACTIVE_ARCH = YES;
				SDKROOT = iphoneos;
				SWIFT_OPTIMIZATION_LEVEL = "-Onone";
				TARGETED_DEVICE_FAMILY = "1,2";
			};
			name = Debug;
		};
		523913BE1B014F7600B5C8F1 /* Release */ = {
			isa = XCBuildConfiguration;
			buildSettings = {
				ALWAYS_SEARCH_USER_PATHS = NO;
				CLANG_CXX_LANGUAGE_STANDARD = "gnu++0x";
				CLANG_CXX_LIBRARY = "libc++";
				CLANG_ENABLE_MODULES = YES;
				CLANG_ENABLE_OBJC_ARC = YES;
				CLANG_WARN_BLOCK_CAPTURE_AUTORELEASING = YES;
				CLANG_WARN_BOOL_CONVERSION = YES;
				CLANG_WARN_COMMA = YES;
				CLANG_WARN_CONSTANT_CONVERSION = YES;
				CLANG_WARN_DIRECT_OBJC_ISA_USAGE = YES_ERROR;
				CLANG_WARN_EMPTY_BODY = YES;
				CLANG_WARN_ENUM_CONVERSION = YES;
				CLANG_WARN_INFINITE_RECURSION = YES;
				CLANG_WARN_INT_CONVERSION = YES;
				CLANG_WARN_NON_LITERAL_NULL_CONVERSION = YES;
				CLANG_WARN_OBJC_LITERAL_CONVERSION = YES;
				CLANG_WARN_OBJC_ROOT_CLASS = YES_ERROR;
				CLANG_WARN_RANGE_LOOP_ANALYSIS = YES;
				CLANG_WARN_STRICT_PROTOTYPES = YES;
				CLANG_WARN_SUSPICIOUS_MOVE = YES;
				CLANG_WARN_UNREACHABLE_CODE = YES;
				CLANG_WARN__DUPLICATE_METHOD_MATCH = YES;
				"CODE_SIGN_IDENTITY[sdk=iphoneos*]" = "iPhone Developer";
				COPY_PHASE_STRIP = NO;
				DEBUG_INFORMATION_FORMAT = "dwarf-with-dsym";
				ENABLE_NS_ASSERTIONS = NO;
				ENABLE_STRICT_OBJC_MSGSEND = YES;
				GCC_C_LANGUAGE_STANDARD = gnu99;
				GCC_NO_COMMON_BLOCKS = YES;
				GCC_WARN_64_TO_32_BIT_CONVERSION = YES;
				GCC_WARN_ABOUT_RETURN_TYPE = YES_ERROR;
				GCC_WARN_UNDECLARED_SELECTOR = YES;
				GCC_WARN_UNINITIALIZED_AUTOS = YES_AGGRESSIVE;
				GCC_WARN_UNUSED_FUNCTION = YES;
				GCC_WARN_UNUSED_VARIABLE = YES;
				IPHONEOS_DEPLOYMENT_TARGET = 9.0;
				MTL_ENABLE_DEBUG_INFO = NO;
				SDKROOT = iphoneos;
				SWIFT_OPTIMIZATION_LEVEL = "-Owholemodule";
				TARGETED_DEVICE_FAMILY = "1,2";
				VALIDATE_PRODUCT = YES;
			};
			name = Release;
		};
		523913C01B014F7600B5C8F1 /* Debug */ = {
			isa = XCBuildConfiguration;
			buildSettings = {
				ASSETCATALOG_COMPILER_APPICON_NAME = AppIcon;
				DEVELOPMENT_TEAM = 8TLW6UJ6F9;
				INFOPLIST_FILE = MusicMotion/Info.plist;
				LD_RUNPATH_SEARCH_PATHS = "$(inherited) @executable_path/Frameworks";
				PRODUCT_BUNDLE_IDENTIFIER = "com.example.apple-samplecode.MusicMotion";
				PRODUCT_NAME = "$(TARGET_NAME)";
				SWIFT_SWIFT3_OBJC_INFERENCE = On;
				SWIFT_VERSION = 3.0;
				VALIDATE_PRODUCT = NO;
			};
			name = Debug;
		};
		523913C11B014F7600B5C8F1 /* Release */ = {
			isa = XCBuildConfiguration;
			buildSettings = {
				ASSETCATALOG_COMPILER_APPICON_NAME = AppIcon;
				DEVELOPMENT_TEAM = 8TLW6UJ6F9;
				INFOPLIST_FILE = MusicMotion/Info.plist;
				LD_RUNPATH_SEARCH_PATHS = "$(inherited) @executable_path/Frameworks";
				PRODUCT_BUNDLE_IDENTIFIER = "com.example.apple-samplecode.MusicMotion";
				PRODUCT_NAME = "$(TARGET_NAME)";
				SWIFT_SWIFT3_OBJC_INFERENCE = On;
				SWIFT_VERSION = 3.0;
				VALIDATE_PRODUCT = NO;
			};
			name = Release;
		};
		913406CA1EF6D24400AD8260 /* Debug */ = {
			isa = XCBuildConfiguration;
			buildSettings = {
				CLANG_ANALYZER_NONNULL = YES;
				CLANG_ANALYZER_NUMBER_OBJECT_CONVERSION = YES_AGGRESSIVE;
				CLANG_CXX_LANGUAGE_STANDARD = "gnu++14";
				CLANG_WARN_DOCUMENTATION_COMMENTS = YES;
				CLANG_WARN_UNGUARDED_AVAILABILITY = YES_AGGRESSIVE;
				CODE_SIGN_IDENTITY = "iPhone Developer";
				DEBUG_INFORMATION_FORMAT = dwarf;
				DEVELOPMENT_TEAM = 8TLW6UJ6F9;
				GCC_C_LANGUAGE_STANDARD = gnu11;
				INFOPLIST_FILE = MusicMotionUITests/Info.plist;
				IPHONEOS_DEPLOYMENT_TARGET = 11.0;
				LD_RUNPATH_SEARCH_PATHS = "$(inherited) @executable_path/Frameworks @loader_path/Frameworks";
				PRODUCT_BUNDLE_IDENTIFIER = GFS.MusicMotionUITests;
				PRODUCT_NAME = "$(TARGET_NAME)";
				SWIFT_ACTIVE_COMPILATION_CONDITIONS = DEBUG;
				SWIFT_SWIFT3_OBJC_INFERENCE = On;
				SWIFT_VERSION = 3.0;
				TARGETED_DEVICE_FAMILY = "1,2";
				TEST_TARGET_NAME = MusicMotion;
			};
			name = Debug;
		};
		913406CB1EF6D24400AD8260 /* Release */ = {
			isa = XCBuildConfiguration;
			buildSettings = {
				CLANG_ANALYZER_NONNULL = YES;
				CLANG_ANALYZER_NUMBER_OBJECT_CONVERSION = YES_AGGRESSIVE;
				CLANG_CXX_LANGUAGE_STANDARD = "gnu++14";
				CLANG_WARN_DOCUMENTATION_COMMENTS = YES;
				CLANG_WARN_UNGUARDED_AVAILABILITY = YES_AGGRESSIVE;
				CODE_SIGN_IDENTITY = "iPhone Developer";
				DEVELOPMENT_TEAM = 8TLW6UJ6F9;
				GCC_C_LANGUAGE_STANDARD = gnu11;
				INFOPLIST_FILE = MusicMotionUITests/Info.plist;
				IPHONEOS_DEPLOYMENT_TARGET = 11.0;
				LD_RUNPATH_SEARCH_PATHS = "$(inherited) @executable_path/Frameworks @loader_path/Frameworks";
				PRODUCT_BUNDLE_IDENTIFIER = GFS.MusicMotionUITests;
				PRODUCT_NAME = "$(TARGET_NAME)";
				SWIFT_SWIFT3_OBJC_INFERENCE = On;
				SWIFT_VERSION = 3.0;
				TARGETED_DEVICE_FAMILY = "1,2";
				TEST_TARGET_NAME = MusicMotion;
			};
			name = Release;
		};
/* End XCBuildConfiguration section */

/* Begin XCConfigurationList section */
		5239139D1B014F7600B5C8F1 /* Build configuration list for PBXProject "MusicMotion" */ = {
			isa = XCConfigurationList;
			buildConfigurations = (
				523913BD1B014F7600B5C8F1 /* Debug */,
				523913BE1B014F7600B5C8F1 /* Release */,
			);
			defaultConfigurationIsVisible = 0;
			defaultConfigurationName = Release;
		};
		523913BF1B014F7600B5C8F1 /* Build configuration list for PBXNativeTarget "MusicMotion" */ = {
			isa = XCConfigurationList;
			buildConfigurations = (
				523913C01B014F7600B5C8F1 /* Debug */,
				523913C11B014F7600B5C8F1 /* Release */,
			);
			defaultConfigurationIsVisible = 0;
			defaultConfigurationName = Release;
		};
		913406C91EF6D24400AD8260 /* Build configuration list for PBXNativeTarget "MusicMotionUITests" */ = {
			isa = XCConfigurationList;
			buildConfigurations = (
				913406CA1EF6D24400AD8260 /* Debug */,
				913406CB1EF6D24400AD8260 /* Release */,
			);
			defaultConfigurationIsVisible = 0;
			defaultConfigurationName = Release;
		};
/* End XCConfigurationList section */
	};
	rootObject = 5239139A1B014F7600B5C8F1 /* Project object */;
}
